
Microsoft Visual Studio Solution File, Format Version 12.00
# Visual Studio Version 16
VisualStudioVersion = 16.0.29509.3
MinimumVisualStudioVersion = 10.0.40219.1
Project("{FAE04EC0-301F-11D3-BF4B-00C04F79EFBC}") = "EasySavetest", "EasySavetest.csproj", "{5AF13336-76A4-4DF8-A6D8-9B87C62D7168}"
EndProject
Global
	GlobalSection(SolutionConfigurationPlatforms) = preSolution
		Debug|Any CPU = Debug|Any CPU
		Release|Any CPU = Release|Any CPU
	EndGlobalSection
	GlobalSection(ProjectConfigurationPlatforms) = postSolution
		{5AF13336-76A4-4DF8-A6D8-9B87C62D7168}.Debug|Any CPU.ActiveCfg = Debug|Any CPU
		{5AF13336-76A4-4DF8-A6D8-9B87C62D7168}.Debug|Any CPU.Build.0 = Debug|Any CPU
		{5AF13336-76A4-4DF8-A6D8-9B87C62D7168}.Release|Any CPU.ActiveCfg = Release|Any CPU
		{5AF13336-76A4-4DF8-A6D8-9B87C62D7168}.Release|Any CPU.Build.0 = Release|Any CPU
	EndGlobalSection
	GlobalSection(SolutionProperties) = preSolution
		HideSolutionNode = FALSE
	EndGlobalSection
	GlobalSection(ExtensibilityGlobals) = postSolution
		SolutionGuid = {2B8F8228-2589-481E-B6A8-92647967BEED}
	EndGlobalSection
EndGlobal
