
Microsoft Visual Studio Solution File, Format Version 12.00
# Visual Studio Version 16
VisualStudioVersion = 16.0.29326.143
MinimumVisualStudioVersion = 10.0.40219.1
Project("{FAE04EC0-301F-11D3-BF4B-00C04F79EFBC}") = "CryptoSoft", "CryptoSoft\CryptoSoft.csproj", "{4C783BED-3BF8-4990-9163-B9B6B9AF986D}"
EndProject
Global
	GlobalSection(SolutionConfigurationPlatforms) = preSolution
		Debug|Any CPU = Debug|Any CPU
		Release|Any CPU = Release|Any CPU
	EndGlobalSection
	GlobalSection(ProjectConfigurationPlatforms) = postSolution
		{4C783BED-3BF8-4990-9163-B9B6B9AF986D}.Debug|Any CPU.ActiveCfg = Debug|Any CPU
		{4C783BED-3BF8-4990-9163-B9B6B9AF986D}.Debug|Any CPU.Build.0 = Debug|Any CPU
		{4C783BED-3BF8-4990-9163-B9B6B9AF986D}.Release|Any CPU.ActiveCfg = Release|Any CPU
		{4C783BED-3BF8-4990-9163-B9B6B9AF986D}.Release|Any CPU.Build.0 = Release|Any CPU
	EndGlobalSection
	GlobalSection(SolutionProperties) = preSolution
		HideSolutionNode = FALSE
	EndGlobalSection
	GlobalSection(ExtensibilityGlobals) = postSolution
		SolutionGuid = {0DD5297A-851F-4D2F-A8F4-4BF345A0ECFD}
	EndGlobalSection
EndGlobal
